
Microsoft Visual Studio Solution File, Format Version 12.00
# Visual Studio Version 17
VisualStudioVersion = 17.10.35122.118
MinimumVisualStudioVersion = 10.0.40219.1
Project("{8BC9CEB8-8B4A-11D0-8D11-00A0C91BC942}") = "LoopEngine - Alpha", "LoopEngine - Alpha\LoopEngine - Alpha.vcxproj", "{EE0F85E8-023E-4AD2-A5D0-3CC4EE8DDC30}"
EndProject
Project("{8BC9CEB8-8B4A-11D0-8D11-00A0C91BC942}") = "TP02", "TP02\TP02.vcxproj", "{3782EA8E-5AE6-4064-ACDE-AB96D6CD4A89}"
EndProject
Global
	GlobalSection(SolutionConfigurationPlatforms) = preSolution
		Debug|x64 = Debug|x64
		Debug|x86 = Debug|x86
		Release|x64 = Release|x64
		Release|x86 = Release|x86
	EndGlobalSection
	GlobalSection(ProjectConfigurationPlatforms) = postSolution
		{EE0F85E8-023E-4AD2-A5D0-3CC4EE8DDC30}.Debug|x64.ActiveCfg = Debug|x64
		{EE0F85E8-023E-4AD2-A5D0-3CC4EE8DDC30}.Debug|x64.Build.0 = Debug|x64
		{EE0F85E8-023E-4AD2-A5D0-3CC4EE8DDC30}.Debug|x86.ActiveCfg = Debug|Win32
		{EE0F85E8-023E-4AD2-A5D0-3CC4EE8DDC30}.Debug|x86.Build.0 = Debug|Win32
		{EE0F85E8-023E-4AD2-A5D0-3CC4EE8DDC30}.Release|x64.ActiveCfg = Release|x64
		{EE0F85E8-023E-4AD2-A5D0-3CC4EE8DDC30}.Release|x64.Build.0 = Release|x64
		{EE0F85E8-023E-4AD2-A5D0-3CC4EE8DDC30}.Release|x86.ActiveCfg = Release|Win32
		{EE0F85E8-023E-4AD2-A5D0-3CC4EE8DDC30}.Release|x86.Build.0 = Release|Win32
		{3782EA8E-5AE6-4064-ACDE-AB96D6CD4A89}.Debug|x64.ActiveCfg = Debug|x64
		{3782EA8E-5AE6-4064-ACDE-AB96D6CD4A89}.Debug|x64.Build.0 = Debug|x64
		{3782EA8E-5AE6-4064-ACDE-AB96D6CD4A89}.Debug|x86.ActiveCfg = Debug|Win32
		{3782EA8E-5AE6-4064-ACDE-AB96D6CD4A89}.Debug|x86.Build.0 = Debug|Win32
		{3782EA8E-5AE6-4064-ACDE-AB96D6CD4A89}.Release|x64.ActiveCfg = Release|x64
		{3782EA8E-5AE6-4064-ACDE-AB96D6CD4A89}.Release|x64.Build.0 = Release|x64
		{3782EA8E-5AE6-4064-ACDE-AB96D6CD4A89}.Release|x86.ActiveCfg = Release|Win32
		{3782EA8E-5AE6-4064-ACDE-AB96D6CD4A89}.Release|x86.Build.0 = Release|Win32
	EndGlobalSection
	GlobalSection(SolutionProperties) = preSolution
		HideSolutionNode = FALSE
	EndGlobalSection
	GlobalSection(ExtensibilityGlobals) = postSolution
		SolutionGuid = {8C0B2CCF-FEC2-445F-B73A-121FDA223B3C}
	EndGlobalSection
EndGlobal
